<?xml version="1.0" encoding="utf-8"?>
<Project ToolsVersion="4.0" xmlns="http://schemas.microsoft.com/developer/msbuild/2003">
  <ItemGroup>
    <Filter Include="Source Files">
      <UniqueIdentifier>{4FC737F1-C7A5-4376-A066-2A32D752A2FF}</UniqueIdentifier>
      <Extensions>cpp;c;cc;cxx;c++;cppm;ixx;def;odl;idl;hpj;bat;asm;asmx</Extensions>
    </Filter>
    <Filter Include="Header Files">
      <UniqueIdentifier>{93995380-89BD-4b04-88EB-625FBE52EBFB}</UniqueIdentifier>
      <Extensions>h;hh;hpp;hxx;h++;hm;inl;inc;ipp;xsd</Extensions>
    </Filter>
    <Filter Include="Header Files\Core Classes">
      <UniqueIdentifier>{A1B2C3D4-E5F6-7890-ABCD-EF1234567890}</UniqueIdentifier>
    </Filter>
    <Filter Include="Header Files\Utilities">
      <UniqueIdentifier>{B2C3D4E5-F6A7-8901-BCDE-F12345678901}</UniqueIdentifier>
    </Filter>
    <Filter Include="Header Files\UI">
      <UniqueIdentifier>{C3D4E5F6-A7B8-9012-CDEF-123456789012}</UniqueIdentifier>
    </Filter>
    <Filter Include="Header Files\Screens">
      <UniqueIdentifier>{D4E5F6A7-B8C9-0123-DEF0-234567890123}</UniqueIdentifier>
    </Filter>
    <Filter Include="Header Files\Screens\Main">
      <UniqueIdentifier>{E5F6A7B8-C9D0-1234-EF01-345678901234}</UniqueIdentifier>
    </Filter>
    <Filter Include="Header Files\Screens\Clients">
      <UniqueIdentifier>{F6A7B8C9-D0E1-2345-F012-456789012345}</UniqueIdentifier>
    </Filter>
    <Filter Include="Header Files\Screens\Transactions">
      <UniqueIdentifier>{A7B8C9D0-E1F2-3456-0123-567890123456}</UniqueIdentifier>
    </Filter>
    <Filter Include="Header Files\Screens\Transaction Log">
      <UniqueIdentifier>{B8C9D0E1-F2A3-4567-1234-678901234567}</UniqueIdentifier>
    </Filter>
    <Filter Include="Header Files\Screens\Users">
      <UniqueIdentifier>{C8C9D0E1-F2A3-4567-1234-678901234567}</UniqueIdentifier>
    </Filter>
    <Filter Include="Resource Files">
      <UniqueIdentifier>{67DA6AB6-F800-4c08-8B7A-83BB121AAD01}</UniqueIdentifier>
      <Extensions>rc;ico;cur;bmp;dlg;rc2;rct;bin;rgs;gif;jpg;jpeg;jpe;resx;tiff;tif;png;wav;mfcribbon-ms</Extensions>
    </Filter>
  </ItemGroup>
  <ItemGroup>
    <ClCompile Include="bank system.cpp">
      <Filter>Source Files</Filter>
    </ClCompile>
    <ClCompile Include="Core\clsBankClient.cpp">
      <Filter>Source Files</Filter>
    </ClCompile>
    <ClCompile Include="Screens\clsClientListScreen.cpp">
      <Filter>Source Files</Filter>
    </ClCompile>
  </ItemGroup>
  <ItemGroup>
    <ClInclude Include="Core\clsBankClient.h">
      <Filter>Header Files\Core Classes</Filter>
    </ClInclude>
    <ClInclude Include="Core\clsPerson.h">
      <Filter>Header Files\Core Classes</Filter>
    </ClInclude>
    <ClInclude Include="Utils\clsString.h">
      <Filter>Header Files\Utilities</Filter>
    </ClInclude>
    <ClInclude Include="Utils\clsDate.h">
      <Filter>Header Files\Utilities</Filter>
    </ClInclude>
    <ClInclude Include="Utils\clsUtil.h">
      <Filter>Header Files\Utilities</Filter>
    </ClInclude>
    <ClInclude Include="Utils\clsInputValidate.h">
      <Filter>Header Files\Utilities</Filter>
    </ClInclude>
    <ClInclude Include="Screens\clsScreen.h">
      <Filter>Header Files\UI</Filter>
    </ClInclude>
    <ClInclude Include="Screens\clsMainScreen.h">
      <Filter>Header Files\Screens\Main</Filter>
    </ClInclude>
    <ClInclude Include="Screens\clsClientListScreen.h">
      <Filter>Header Files\Screens\Clients</Filter>
    </ClInclude>
    <ClInclude Include="Screens\clsAddNewClientScreen.h">
      <Filter>Header Files\Screens\Clients</Filter>
    </ClInclude>
    <ClInclude Include="Screens\clsDeletClientScreen.h">
      <Filter>Header Files\Screens\Clients</Filter>
    </ClInclude>
    <ClInclude Include="Screens\clsUpdateClientScreen.h">
      <Filter>Header Files\Screens\Clients</Filter>
    </ClInclude>
    <ClInclude Include="Screens\clsFindClientScreen.h">
      <Filter>Header Files\Screens\Clients</Filter>
    </ClInclude>
    <ClInclude Include="Screens\clsTransactionsScreen.h">
      <Filter>Header Files\Screens\Transactions</Filter>
    </ClInclude>
    <ClInclude Include="Screens\clsTotalBalancesScreen.h">
      <Filter>Header Files\Screens\Transactions</Filter>
    </ClInclude>
    <ClInclude Include="Screens\clsDepositScreen.h">
      <Filter>Header Files\Screens\Transactions</Filter>
    </ClInclude>
    <ClInclude Include="Screens\clsWithdrawScreen.h">
      <Filter>Header Files\Screens\Transactions</Filter>
    </ClInclude>
    <ClInclude Include="Screens\clsTransferScreen.h">
      <Filter>Header Files\Screens\Transactions</Filter>
    </ClInclude>
    <ClInclude Include="Core\clsTransactionLog.h">
      <Filter>Header Files\Screens\Transaction Log</Filter>
    </ClInclude>
    <ClInclude Include="Screens\clsTransactionLogscreen.h">
      <Filter>Header Files\Screens\Transaction Log</Filter>
    </ClInclude>
    <ClInclude Include="Screens\clsManageUsers.h">
      <Filter>Header Files\Screens\Users</Filter>
    </ClInclude>
    <ClInclude Include="Core\clsUser.h">
      <Filter>Header Files\Core Classes</Filter>
    </ClInclude>
    <ClInclude Include="Screens\clsListUsersScreen.h">
      <Filter>Header Files\Screens\Users</Filter>
    </ClInclude>
    <ClInclude Include="Screens\clsAddNewUserScreen.h">
      <Filter>Header Files\Screens\Users</Filter>
    </ClInclude>
    <ClInclude Include="Screens\clsDeletUserScreen.h">
      <Filter>Header Files\Screens\Users</Filter>
    </ClInclude>
    <ClInclude Include="Screens\clsUpdateUserScreen.h">
      <Filter>Header Files\Screens\Users</Filter>
    </ClInclude>
    <ClInclude Include="Screens\clsFindUserScreen.h">
      <Filter>Header Files\Screens\Users</Filter>
    </ClInclude>
    <ClInclude Include="Screens\clsLoginScreen.h">
      <Filter>Header Files</Filter>
    </ClInclude>
    <ClInclude Include="Global.h">
      <Filter>Header Files</Filter>
    </ClInclude>
    <ClInclude Include="Screens\clsLoginRegisterScreen.h">
      <Filter>Header Files</Filter>
    </ClInclude>
    <ClInclude Include="Core\clsCurrency.h">
      <Filter>Header Files</Filter>
    </ClInclude>
    <ClInclude Include="Screens\clsCurrencyExchangeMainScreen.h">
      <Filter>Header Files</Filter>
    </ClInclude>
    <ClInclude Include="Screens\clscurrenciesListScreen.h">
      <Filter>Header Files</Filter>
    </ClInclude>
    <ClInclude Include="Screens\clsFindCurrencyScreen.h">
      <Filter>Header Files</Filter>
    </ClInclude>
    <ClInclude Include="Screens\clsUpdateCurrencyRateScreen.h">
      <Filter>Header Files</Filter>
    </ClInclude>
    <ClInclude Include="Screens\clsCurrencyCalculatorScreen.h">
      <Filter>Header Files</Filter>
    </ClInclude>
  </ItemGroup>
  <ItemGroup>
    <None Include="README.md" />
  </ItemGroup>
</Project>